
Microsoft Visual Studio Solution File, Format Version 12.00
# Visual Studio 15
VisualStudioVersion = 15.0.28307.106
MinimumVisualStudioVersion = 10.0.40219.1
Project("{2150E333-8FDC-42A3-9474-1A3956D46DE8}") = "BLL", "BLL", "{AB4A29BE-00B0-4712-8F1A-EC15247EFBB7}"
EndProject
Project("{2150E333-8FDC-42A3-9474-1A3956D46DE8}") = "Common", "Common", "{BAA762F5-73BC-4167-BDC1-CD593F2BB995}"
EndProject
Project("{2150E333-8FDC-42A3-9474-1A3956D46DE8}") = "PL", "PL", "{0281F20F-073E-4FFF-9E86-FF3E1432F86D}"
EndProject
Project("{FAE04EC0-301F-11D3-BF4B-00C04F79EFBC}") = "Entity", "Entities\Entity.csproj", "{7F6FDB8D-FB2F-4068-80C3-AAD0A1C168AE}"
EndProject
Project("{FAE04EC0-301F-11D3-BF4B-00C04F79EFBC}") = "ConsoleSearchAndOut", "ConsoleApp2\ConsoleSearchAndOut.csproj", "{2616B90D-C2AA-4876-BAD5-1A543A2F3ACC}"
EndProject
Project("{FAE04EC0-301F-11D3-BF4B-00C04F79EFBC}") = "BLL", "BLL\BLL.csproj", "{7EE595B3-2C6A-4E78-ADFE-8EB4E38BE6DB}"
EndProject
Global
	GlobalSection(SolutionConfigurationPlatforms) = preSolution
		Debug|Any CPU = Debug|Any CPU
		Release|Any CPU = Release|Any CPU
	EndGlobalSection
	GlobalSection(ProjectConfigurationPlatforms) = postSolution
		{7F6FDB8D-FB2F-4068-80C3-AAD0A1C168AE}.Debug|Any CPU.ActiveCfg = Debug|Any CPU
		{7F6FDB8D-FB2F-4068-80C3-AAD0A1C168AE}.Debug|Any CPU.Build.0 = Debug|Any CPU
		{7F6FDB8D-FB2F-4068-80C3-AAD0A1C168AE}.Release|Any CPU.ActiveCfg = Release|Any CPU
		{7F6FDB8D-FB2F-4068-80C3-AAD0A1C168AE}.Release|Any CPU.Build.0 = Release|Any CPU
		{2616B90D-C2AA-4876-BAD5-1A543A2F3ACC}.Debug|Any CPU.ActiveCfg = Debug|Any CPU
		{2616B90D-C2AA-4876-BAD5-1A543A2F3ACC}.Debug|Any CPU.Build.0 = Debug|Any CPU
		{2616B90D-C2AA-4876-BAD5-1A543A2F3ACC}.Release|Any CPU.ActiveCfg = Release|Any CPU
		{2616B90D-C2AA-4876-BAD5-1A543A2F3ACC}.Release|Any CPU.Build.0 = Release|Any CPU
		{7EE595B3-2C6A-4E78-ADFE-8EB4E38BE6DB}.Debug|Any CPU.ActiveCfg = Debug|Any CPU
		{7EE595B3-2C6A-4E78-ADFE-8EB4E38BE6DB}.Debug|Any CPU.Build.0 = Debug|Any CPU
		{7EE595B3-2C6A-4E78-ADFE-8EB4E38BE6DB}.Release|Any CPU.ActiveCfg = Release|Any CPU
		{7EE595B3-2C6A-4E78-ADFE-8EB4E38BE6DB}.Release|Any CPU.Build.0 = Release|Any CPU
	EndGlobalSection
	GlobalSection(SolutionProperties) = preSolution
		HideSolutionNode = FALSE
	EndGlobalSection
	GlobalSection(NestedProjects) = preSolution
		{7F6FDB8D-FB2F-4068-80C3-AAD0A1C168AE} = {BAA762F5-73BC-4167-BDC1-CD593F2BB995}
		{2616B90D-C2AA-4876-BAD5-1A543A2F3ACC} = {0281F20F-073E-4FFF-9E86-FF3E1432F86D}
		{7EE595B3-2C6A-4E78-ADFE-8EB4E38BE6DB} = {AB4A29BE-00B0-4712-8F1A-EC15247EFBB7}
	EndGlobalSection
	GlobalSection(ExtensibilityGlobals) = postSolution
		SolutionGuid = {E636A1D2-A203-43D1-AFF3-9547985EFA67}
	EndGlobalSection
EndGlobal
