
Microsoft Visual Studio Solution File, Format Version 12.00
# Visual Studio 15
VisualStudioVersion = 15.0.28307.106
MinimumVisualStudioVersion = 10.0.40219.1
Project("{FAE04EC0-301F-11D3-BF4B-00C04F79EFBC}") = "EpamTask4", "EpamTask4\EpamTask4.csproj", "{21E80A5C-10B9-4D52-AF1D-FDAD62EB2164}"
EndProject
Project("{FAE04EC0-301F-11D3-BF4B-00C04F79EFBC}") = "Extension", "Extension\Extension.csproj", "{0E2AEF03-F172-4209-82D7-5906AD95447C}"
EndProject
Global
	GlobalSection(SolutionConfigurationPlatforms) = preSolution
		Debug|Any CPU = Debug|Any CPU
		Release|Any CPU = Release|Any CPU
	EndGlobalSection
	GlobalSection(ProjectConfigurationPlatforms) = postSolution
		{21E80A5C-10B9-4D52-AF1D-FDAD62EB2164}.Debug|Any CPU.ActiveCfg = Debug|Any CPU
		{21E80A5C-10B9-4D52-AF1D-FDAD62EB2164}.Debug|Any CPU.Build.0 = Debug|Any CPU
		{21E80A5C-10B9-4D52-AF1D-FDAD62EB2164}.Release|Any CPU.ActiveCfg = Release|Any CPU
		{21E80A5C-10B9-4D52-AF1D-FDAD62EB2164}.Release|Any CPU.Build.0 = Release|Any CPU
		{0E2AEF03-F172-4209-82D7-5906AD95447C}.Debug|Any CPU.ActiveCfg = Debug|Any CPU
		{0E2AEF03-F172-4209-82D7-5906AD95447C}.Debug|Any CPU.Build.0 = Debug|Any CPU
		{0E2AEF03-F172-4209-82D7-5906AD95447C}.Release|Any CPU.ActiveCfg = Release|Any CPU
		{0E2AEF03-F172-4209-82D7-5906AD95447C}.Release|Any CPU.Build.0 = Release|Any CPU
	EndGlobalSection
	GlobalSection(SolutionProperties) = preSolution
		HideSolutionNode = FALSE
	EndGlobalSection
	GlobalSection(ExtensibilityGlobals) = postSolution
		SolutionGuid = {669CB21B-AC7E-442F-B5B6-2FF5A59D4A21}
	EndGlobalSection
EndGlobal
