
Microsoft Visual Studio Solution File, Format Version 12.00
# Visual Studio 15
VisualStudioVersion = 15.0.28307.106
MinimumVisualStudioVersion = 10.0.40219.1
Project("{2150E333-8FDC-42A3-9474-1A3956D46DE8}") = "DAL", "DAL", "{B6BD9E9A-831A-4B55-9F0B-329EA9E8FDB5}"
EndProject
Project("{2150E333-8FDC-42A3-9474-1A3956D46DE8}") = "PL", "PL", "{69C17B3E-F8AB-4AAD-B84E-89DD43EA3CAF}"
EndProject
Project("{2150E333-8FDC-42A3-9474-1A3956D46DE8}") = "BLL", "BLL", "{44467245-65AC-4058-B354-8D7D9A31DC45}"
EndProject
Project("{2150E333-8FDC-42A3-9474-1A3956D46DE8}") = "Common", "Common", "{A9BD489B-B06B-4D91-A29B-E9A3C9EF11C2}"
EndProject
Project("{FAE04EC0-301F-11D3-BF4B-00C04F79EFBC}") = "BLL", "BLL\BLL.csproj", "{CAE57F9D-F6AD-4F0A-8BDD-139CE205B86E}"
EndProject
Project("{FAE04EC0-301F-11D3-BF4B-00C04F79EFBC}") = "BLLInterfaces", "BLLInterfaces\BLLInterfaces.csproj", "{C0F7BAB1-1A95-453F-8DBD-ED4ADE32B6C0}"
EndProject
Project("{FAE04EC0-301F-11D3-BF4B-00C04F79EFBC}") = "DAL", "DAL\DAL.csproj", "{A5D88AD4-4F07-4F2F-8962-8F3A019EA601}"
EndProject
Project("{FAE04EC0-301F-11D3-BF4B-00C04F79EFBC}") = "Entity", "Entity\Entity.csproj", "{14D7EDF7-AF4E-408C-8541-5280FC7BAD3F}"
EndProject
Project("{FAE04EC0-301F-11D3-BF4B-00C04F79EFBC}") = "DALInterfaces", "DALInterfaces\DALInterfaces.csproj", "{6388E014-1A40-4BCD-83B1-29C368892B9F}"
EndProject
Project("{FAE04EC0-301F-11D3-BF4B-00C04F79EFBC}") = "Task6", "Task6\Task6.csproj", "{D3A4585C-ADB8-4598-82AA-BE7D01EA4B28}"
EndProject
Project("{FAE04EC0-301F-11D3-BF4B-00C04F79EFBC}") = "DependencyResolver", "DependencyResolver\DependencyResolver.csproj", "{2CAB124E-8133-4831-8C3C-3DE6CCB9CAE7}"
EndProject
Global
	GlobalSection(SolutionConfigurationPlatforms) = preSolution
		Debug|Any CPU = Debug|Any CPU
		Release|Any CPU = Release|Any CPU
	EndGlobalSection
	GlobalSection(ProjectConfigurationPlatforms) = postSolution
		{CAE57F9D-F6AD-4F0A-8BDD-139CE205B86E}.Debug|Any CPU.ActiveCfg = Debug|Any CPU
		{CAE57F9D-F6AD-4F0A-8BDD-139CE205B86E}.Debug|Any CPU.Build.0 = Debug|Any CPU
		{CAE57F9D-F6AD-4F0A-8BDD-139CE205B86E}.Release|Any CPU.ActiveCfg = Release|Any CPU
		{CAE57F9D-F6AD-4F0A-8BDD-139CE205B86E}.Release|Any CPU.Build.0 = Release|Any CPU
		{C0F7BAB1-1A95-453F-8DBD-ED4ADE32B6C0}.Debug|Any CPU.ActiveCfg = Debug|Any CPU
		{C0F7BAB1-1A95-453F-8DBD-ED4ADE32B6C0}.Debug|Any CPU.Build.0 = Debug|Any CPU
		{C0F7BAB1-1A95-453F-8DBD-ED4ADE32B6C0}.Release|Any CPU.ActiveCfg = Release|Any CPU
		{C0F7BAB1-1A95-453F-8DBD-ED4ADE32B6C0}.Release|Any CPU.Build.0 = Release|Any CPU
		{A5D88AD4-4F07-4F2F-8962-8F3A019EA601}.Debug|Any CPU.ActiveCfg = Debug|Any CPU
		{A5D88AD4-4F07-4F2F-8962-8F3A019EA601}.Debug|Any CPU.Build.0 = Debug|Any CPU
		{A5D88AD4-4F07-4F2F-8962-8F3A019EA601}.Release|Any CPU.ActiveCfg = Release|Any CPU
		{A5D88AD4-4F07-4F2F-8962-8F3A019EA601}.Release|Any CPU.Build.0 = Release|Any CPU
		{14D7EDF7-AF4E-408C-8541-5280FC7BAD3F}.Debug|Any CPU.ActiveCfg = Debug|Any CPU
		{14D7EDF7-AF4E-408C-8541-5280FC7BAD3F}.Debug|Any CPU.Build.0 = Debug|Any CPU
		{14D7EDF7-AF4E-408C-8541-5280FC7BAD3F}.Release|Any CPU.ActiveCfg = Release|Any CPU
		{14D7EDF7-AF4E-408C-8541-5280FC7BAD3F}.Release|Any CPU.Build.0 = Release|Any CPU
		{6388E014-1A40-4BCD-83B1-29C368892B9F}.Debug|Any CPU.ActiveCfg = Debug|Any CPU
		{6388E014-1A40-4BCD-83B1-29C368892B9F}.Debug|Any CPU.Build.0 = Debug|Any CPU
		{6388E014-1A40-4BCD-83B1-29C368892B9F}.Release|Any CPU.ActiveCfg = Release|Any CPU
		{6388E014-1A40-4BCD-83B1-29C368892B9F}.Release|Any CPU.Build.0 = Release|Any CPU
		{D3A4585C-ADB8-4598-82AA-BE7D01EA4B28}.Debug|Any CPU.ActiveCfg = Debug|Any CPU
		{D3A4585C-ADB8-4598-82AA-BE7D01EA4B28}.Debug|Any CPU.Build.0 = Debug|Any CPU
		{D3A4585C-ADB8-4598-82AA-BE7D01EA4B28}.Release|Any CPU.ActiveCfg = Release|Any CPU
		{D3A4585C-ADB8-4598-82AA-BE7D01EA4B28}.Release|Any CPU.Build.0 = Release|Any CPU
		{2CAB124E-8133-4831-8C3C-3DE6CCB9CAE7}.Debug|Any CPU.ActiveCfg = Debug|Any CPU
		{2CAB124E-8133-4831-8C3C-3DE6CCB9CAE7}.Debug|Any CPU.Build.0 = Debug|Any CPU
		{2CAB124E-8133-4831-8C3C-3DE6CCB9CAE7}.Release|Any CPU.ActiveCfg = Release|Any CPU
		{2CAB124E-8133-4831-8C3C-3DE6CCB9CAE7}.Release|Any CPU.Build.0 = Release|Any CPU
	EndGlobalSection
	GlobalSection(SolutionProperties) = preSolution
		HideSolutionNode = FALSE
	EndGlobalSection
	GlobalSection(NestedProjects) = preSolution
		{CAE57F9D-F6AD-4F0A-8BDD-139CE205B86E} = {44467245-65AC-4058-B354-8D7D9A31DC45}
		{C0F7BAB1-1A95-453F-8DBD-ED4ADE32B6C0} = {44467245-65AC-4058-B354-8D7D9A31DC45}
		{A5D88AD4-4F07-4F2F-8962-8F3A019EA601} = {B6BD9E9A-831A-4B55-9F0B-329EA9E8FDB5}
		{14D7EDF7-AF4E-408C-8541-5280FC7BAD3F} = {A9BD489B-B06B-4D91-A29B-E9A3C9EF11C2}
		{6388E014-1A40-4BCD-83B1-29C368892B9F} = {B6BD9E9A-831A-4B55-9F0B-329EA9E8FDB5}
		{D3A4585C-ADB8-4598-82AA-BE7D01EA4B28} = {69C17B3E-F8AB-4AAD-B84E-89DD43EA3CAF}
		{2CAB124E-8133-4831-8C3C-3DE6CCB9CAE7} = {A9BD489B-B06B-4D91-A29B-E9A3C9EF11C2}
	EndGlobalSection
	GlobalSection(ExtensibilityGlobals) = postSolution
		SolutionGuid = {0E6BDB29-B901-462D-8142-386A27272735}
	EndGlobalSection
EndGlobal
