
Microsoft Visual Studio Solution File, Format Version 12.00
# Visual Studio 15
VisualStudioVersion = 15.0.28307.106
MinimumVisualStudioVersion = 10.0.40219.1
Project("{FAE04EC0-301F-11D3-BF4B-00C04F79EFBC}") = "EpamTask10", "EpamTask10\EpamTask10.csproj", "{687A6696-A576-4C81-B947-7048D3328A97}"
EndProject
Project("{FAE04EC0-301F-11D3-BF4B-00C04F79EFBC}") = "BLL", "..\EpamTask6\BLL\BLL.csproj", "{CAE57F9D-F6AD-4F0A-8BDD-139CE205B86E}"
EndProject
Project("{FAE04EC0-301F-11D3-BF4B-00C04F79EFBC}") = "Entity", "..\EpamTask6\Entity\Entity.csproj", "{14D7EDF7-AF4E-408C-8541-5280FC7BAD3F}"
EndProject
Project("{FAE04EC0-301F-11D3-BF4B-00C04F79EFBC}") = "DAL", "..\EpamTask6\DAL\DAL.csproj", "{A5D88AD4-4F07-4F2F-8962-8F3A019EA601}"
EndProject
Project("{FAE04EC0-301F-11D3-BF4B-00C04F79EFBC}") = "DependencyResolver", "..\EpamTask6\DependencyResolver\DependencyResolver.csproj", "{2CAB124E-8133-4831-8C3C-3DE6CCB9CAE7}"
EndProject
Project("{FAE04EC0-301F-11D3-BF4B-00C04F79EFBC}") = "BLLInterfaces", "..\EpamTask6\BLLInterfaces\BLLInterfaces.csproj", "{C0F7BAB1-1A95-453F-8DBD-ED4ADE32B6C0}"
EndProject
Project("{FAE04EC0-301F-11D3-BF4B-00C04F79EFBC}") = "DALInterfaces", "..\EpamTask6\DALInterfaces\DALInterfaces.csproj", "{6388E014-1A40-4BCD-83B1-29C368892B9F}"
EndProject
Project("{2150E333-8FDC-42A3-9474-1A3956D46DE8}") = "folderBLL", "folderBLL", "{CD905902-80BD-472A-8B85-1EECA1A93FAC}"
EndProject
Project("{2150E333-8FDC-42A3-9474-1A3956D46DE8}") = "folderDAL", "folderDAL", "{0C7A85C1-C85E-4171-99C2-8E1A4750565F}"
EndProject
Project("{2150E333-8FDC-42A3-9474-1A3956D46DE8}") = "folderEntity", "folderEntity", "{54153E3B-A4A6-4E07-B5F3-9DF9E7623E28}"
EndProject
Global
	GlobalSection(SolutionConfigurationPlatforms) = preSolution
		Debug|Any CPU = Debug|Any CPU
		Release|Any CPU = Release|Any CPU
	EndGlobalSection
	GlobalSection(ProjectConfigurationPlatforms) = postSolution
		{687A6696-A576-4C81-B947-7048D3328A97}.Debug|Any CPU.ActiveCfg = Debug|Any CPU
		{687A6696-A576-4C81-B947-7048D3328A97}.Debug|Any CPU.Build.0 = Debug|Any CPU
		{687A6696-A576-4C81-B947-7048D3328A97}.Release|Any CPU.ActiveCfg = Release|Any CPU
		{687A6696-A576-4C81-B947-7048D3328A97}.Release|Any CPU.Build.0 = Release|Any CPU
		{CAE57F9D-F6AD-4F0A-8BDD-139CE205B86E}.Debug|Any CPU.ActiveCfg = Debug|Any CPU
		{CAE57F9D-F6AD-4F0A-8BDD-139CE205B86E}.Debug|Any CPU.Build.0 = Debug|Any CPU
		{CAE57F9D-F6AD-4F0A-8BDD-139CE205B86E}.Release|Any CPU.ActiveCfg = Release|Any CPU
		{CAE57F9D-F6AD-4F0A-8BDD-139CE205B86E}.Release|Any CPU.Build.0 = Release|Any CPU
		{14D7EDF7-AF4E-408C-8541-5280FC7BAD3F}.Debug|Any CPU.ActiveCfg = Debug|Any CPU
		{14D7EDF7-AF4E-408C-8541-5280FC7BAD3F}.Debug|Any CPU.Build.0 = Debug|Any CPU
		{14D7EDF7-AF4E-408C-8541-5280FC7BAD3F}.Release|Any CPU.ActiveCfg = Release|Any CPU
		{14D7EDF7-AF4E-408C-8541-5280FC7BAD3F}.Release|Any CPU.Build.0 = Release|Any CPU
		{A5D88AD4-4F07-4F2F-8962-8F3A019EA601}.Debug|Any CPU.ActiveCfg = Debug|Any CPU
		{A5D88AD4-4F07-4F2F-8962-8F3A019EA601}.Debug|Any CPU.Build.0 = Debug|Any CPU
		{A5D88AD4-4F07-4F2F-8962-8F3A019EA601}.Release|Any CPU.ActiveCfg = Release|Any CPU
		{A5D88AD4-4F07-4F2F-8962-8F3A019EA601}.Release|Any CPU.Build.0 = Release|Any CPU
		{2CAB124E-8133-4831-8C3C-3DE6CCB9CAE7}.Debug|Any CPU.ActiveCfg = Debug|Any CPU
		{2CAB124E-8133-4831-8C3C-3DE6CCB9CAE7}.Debug|Any CPU.Build.0 = Debug|Any CPU
		{2CAB124E-8133-4831-8C3C-3DE6CCB9CAE7}.Release|Any CPU.ActiveCfg = Release|Any CPU
		{2CAB124E-8133-4831-8C3C-3DE6CCB9CAE7}.Release|Any CPU.Build.0 = Release|Any CPU
		{C0F7BAB1-1A95-453F-8DBD-ED4ADE32B6C0}.Debug|Any CPU.ActiveCfg = Debug|Any CPU
		{C0F7BAB1-1A95-453F-8DBD-ED4ADE32B6C0}.Debug|Any CPU.Build.0 = Debug|Any CPU
		{C0F7BAB1-1A95-453F-8DBD-ED4ADE32B6C0}.Release|Any CPU.ActiveCfg = Release|Any CPU
		{C0F7BAB1-1A95-453F-8DBD-ED4ADE32B6C0}.Release|Any CPU.Build.0 = Release|Any CPU
		{6388E014-1A40-4BCD-83B1-29C368892B9F}.Debug|Any CPU.ActiveCfg = Debug|Any CPU
		{6388E014-1A40-4BCD-83B1-29C368892B9F}.Debug|Any CPU.Build.0 = Debug|Any CPU
		{6388E014-1A40-4BCD-83B1-29C368892B9F}.Release|Any CPU.ActiveCfg = Release|Any CPU
		{6388E014-1A40-4BCD-83B1-29C368892B9F}.Release|Any CPU.Build.0 = Release|Any CPU
	EndGlobalSection
	GlobalSection(SolutionProperties) = preSolution
		HideSolutionNode = FALSE
	EndGlobalSection
	GlobalSection(NestedProjects) = preSolution
		{CAE57F9D-F6AD-4F0A-8BDD-139CE205B86E} = {CD905902-80BD-472A-8B85-1EECA1A93FAC}
		{14D7EDF7-AF4E-408C-8541-5280FC7BAD3F} = {54153E3B-A4A6-4E07-B5F3-9DF9E7623E28}
		{A5D88AD4-4F07-4F2F-8962-8F3A019EA601} = {0C7A85C1-C85E-4171-99C2-8E1A4750565F}
		{2CAB124E-8133-4831-8C3C-3DE6CCB9CAE7} = {54153E3B-A4A6-4E07-B5F3-9DF9E7623E28}
		{C0F7BAB1-1A95-453F-8DBD-ED4ADE32B6C0} = {CD905902-80BD-472A-8B85-1EECA1A93FAC}
		{6388E014-1A40-4BCD-83B1-29C368892B9F} = {0C7A85C1-C85E-4171-99C2-8E1A4750565F}
	EndGlobalSection
	GlobalSection(ExtensibilityGlobals) = postSolution
		SolutionGuid = {28B58F28-E4F6-4ADE-ACFA-DF52BD5B9B7B}
	EndGlobalSection
EndGlobal
