
Microsoft Visual Studio Solution File, Format Version 12.00
# Visual Studio 15
VisualStudioVersion = 15.0.28307.106
MinimumVisualStudioVersion = 10.0.40219.1
Project("{FAE04EC0-301F-11D3-BF4B-00C04F79EFBC}") = "EpamTask10", "EpamTask10\EpamTask10.csproj", "{687A6696-A576-4C81-B947-7048D3328A97}"
EndProject
Global
	GlobalSection(SolutionConfigurationPlatforms) = preSolution
		Debug|Any CPU = Debug|Any CPU
		Release|Any CPU = Release|Any CPU
	EndGlobalSection
	GlobalSection(ProjectConfigurationPlatforms) = postSolution
		{687A6696-A576-4C81-B947-7048D3328A97}.Debug|Any CPU.ActiveCfg = Debug|Any CPU
		{687A6696-A576-4C81-B947-7048D3328A97}.Debug|Any CPU.Build.0 = Debug|Any CPU
		{687A6696-A576-4C81-B947-7048D3328A97}.Release|Any CPU.ActiveCfg = Release|Any CPU
		{687A6696-A576-4C81-B947-7048D3328A97}.Release|Any CPU.Build.0 = Release|Any CPU
	EndGlobalSection
	GlobalSection(SolutionProperties) = preSolution
		HideSolutionNode = FALSE
	EndGlobalSection
	GlobalSection(ExtensibilityGlobals) = postSolution
		SolutionGuid = {28B58F28-E4F6-4ADE-ACFA-DF52BD5B9B7B}
	EndGlobalSection
EndGlobal
