
Microsoft Visual Studio Solution File, Format Version 12.00
# Visual Studio 15
VisualStudioVersion = 15.0.28307.106
MinimumVisualStudioVersion = 10.0.40219.1
Project("{FAE04EC0-301F-11D3-BF4B-00C04F79EFBC}") = "EpamTask1", "EpamTask1\EpamTask1.csproj", "{70B8B84A-2366-4F6C-A831-037371D89D20}"
EndProject
Project("{FAE04EC0-301F-11D3-BF4B-00C04F79EFBC}") = "Basics", "Task1\Basics.csproj", "{FC0F2CF5-62EF-416B-8459-FCF7E3FBDCDD}"
EndProject
Project("{FAE04EC0-301F-11D3-BF4B-00C04F79EFBC}") = "Language", "Task2\Language.csproj", "{75254254-5601-48AA-924C-121E862D81D7}"
EndProject
Project("{FAE04EC0-301F-11D3-BF4B-00C04F79EFBC}") = "Strings", "Part3_Strings\Strings.csproj", "{B27E4BEE-E03E-40FC-A86E-FBF967C04207}"
EndProject
Project("{FAE04EC0-301F-11D3-BF4B-00C04F79EFBC}") = "Helper", "Helper\Helper.csproj", "{3563F6BC-C69B-48F7-8F13-054D37F9BA38}"
EndProject
Global
	GlobalSection(SolutionConfigurationPlatforms) = preSolution
		Debug|Any CPU = Debug|Any CPU
		Release|Any CPU = Release|Any CPU
	EndGlobalSection
	GlobalSection(ProjectConfigurationPlatforms) = postSolution
		{70B8B84A-2366-4F6C-A831-037371D89D20}.Debug|Any CPU.ActiveCfg = Debug|Any CPU
		{70B8B84A-2366-4F6C-A831-037371D89D20}.Debug|Any CPU.Build.0 = Debug|Any CPU
		{70B8B84A-2366-4F6C-A831-037371D89D20}.Release|Any CPU.ActiveCfg = Release|Any CPU
		{70B8B84A-2366-4F6C-A831-037371D89D20}.Release|Any CPU.Build.0 = Release|Any CPU
		{FC0F2CF5-62EF-416B-8459-FCF7E3FBDCDD}.Debug|Any CPU.ActiveCfg = Debug|Any CPU
		{FC0F2CF5-62EF-416B-8459-FCF7E3FBDCDD}.Debug|Any CPU.Build.0 = Debug|Any CPU
		{FC0F2CF5-62EF-416B-8459-FCF7E3FBDCDD}.Release|Any CPU.ActiveCfg = Release|Any CPU
		{FC0F2CF5-62EF-416B-8459-FCF7E3FBDCDD}.Release|Any CPU.Build.0 = Release|Any CPU
		{75254254-5601-48AA-924C-121E862D81D7}.Debug|Any CPU.ActiveCfg = Debug|Any CPU
		{75254254-5601-48AA-924C-121E862D81D7}.Debug|Any CPU.Build.0 = Debug|Any CPU
		{75254254-5601-48AA-924C-121E862D81D7}.Release|Any CPU.ActiveCfg = Release|Any CPU
		{75254254-5601-48AA-924C-121E862D81D7}.Release|Any CPU.Build.0 = Release|Any CPU
		{B27E4BEE-E03E-40FC-A86E-FBF967C04207}.Debug|Any CPU.ActiveCfg = Debug|Any CPU
		{B27E4BEE-E03E-40FC-A86E-FBF967C04207}.Debug|Any CPU.Build.0 = Debug|Any CPU
		{B27E4BEE-E03E-40FC-A86E-FBF967C04207}.Release|Any CPU.ActiveCfg = Release|Any CPU
		{B27E4BEE-E03E-40FC-A86E-FBF967C04207}.Release|Any CPU.Build.0 = Release|Any CPU
		{3563F6BC-C69B-48F7-8F13-054D37F9BA38}.Debug|Any CPU.ActiveCfg = Debug|Any CPU
		{3563F6BC-C69B-48F7-8F13-054D37F9BA38}.Debug|Any CPU.Build.0 = Debug|Any CPU
		{3563F6BC-C69B-48F7-8F13-054D37F9BA38}.Release|Any CPU.ActiveCfg = Release|Any CPU
		{3563F6BC-C69B-48F7-8F13-054D37F9BA38}.Release|Any CPU.Build.0 = Release|Any CPU
	EndGlobalSection
	GlobalSection(SolutionProperties) = preSolution
		HideSolutionNode = FALSE
	EndGlobalSection
	GlobalSection(ExtensibilityGlobals) = postSolution
		SolutionGuid = {EF7343DE-4689-41B6-81B3-E8A628F44298}
	EndGlobalSection
EndGlobal
