
Microsoft Visual Studio Solution File, Format Version 12.00
# Visual Studio 15
VisualStudioVersion = 15.0.28307.106
MinimumVisualStudioVersion = 10.0.40219.1
Project("{FAE04EC0-301F-11D3-BF4B-00C04F79EFBC}") = "EpamTask0", "EpamTask0\EpamTask0.csproj", "{8510AE12-28BB-4EED-895A-3559BC89C51E}"
EndProject
Project("{FAE04EC0-301F-11D3-BF4B-00C04F79EFBC}") = "Task2", "Task2\Task2.csproj", "{3C0ECB07-166C-4330-8DEE-C4DF0AC196E0}"
EndProject
Project("{FAE04EC0-301F-11D3-BF4B-00C04F79EFBC}") = "Task3", "Task3\Task3.csproj", "{DA29BCBD-2938-4A05-839D-A7EA2D1D51A6}"
EndProject
Project("{FAE04EC0-301F-11D3-BF4B-00C04F79EFBC}") = "Task4", "Task4\Task4.csproj", "{F999D351-72E1-4364-8814-92B70CCB3347}"
EndProject
Project("{FAE04EC0-301F-11D3-BF4B-00C04F79EFBC}") = "Task1", "Task1\Task1\Task1.csproj", "{BDE683F3-5C1A-4733-B8E3-737CD3C5E287}"
EndProject
Global
	GlobalSection(SolutionConfigurationPlatforms) = preSolution
		Debug|Any CPU = Debug|Any CPU
		Release|Any CPU = Release|Any CPU
	EndGlobalSection
	GlobalSection(ProjectConfigurationPlatforms) = postSolution
		{8510AE12-28BB-4EED-895A-3559BC89C51E}.Debug|Any CPU.ActiveCfg = Debug|Any CPU
		{8510AE12-28BB-4EED-895A-3559BC89C51E}.Debug|Any CPU.Build.0 = Debug|Any CPU
		{8510AE12-28BB-4EED-895A-3559BC89C51E}.Release|Any CPU.ActiveCfg = Release|Any CPU
		{8510AE12-28BB-4EED-895A-3559BC89C51E}.Release|Any CPU.Build.0 = Release|Any CPU
		{3C0ECB07-166C-4330-8DEE-C4DF0AC196E0}.Debug|Any CPU.ActiveCfg = Debug|Any CPU
		{3C0ECB07-166C-4330-8DEE-C4DF0AC196E0}.Debug|Any CPU.Build.0 = Debug|Any CPU
		{3C0ECB07-166C-4330-8DEE-C4DF0AC196E0}.Release|Any CPU.ActiveCfg = Release|Any CPU
		{3C0ECB07-166C-4330-8DEE-C4DF0AC196E0}.Release|Any CPU.Build.0 = Release|Any CPU
		{DA29BCBD-2938-4A05-839D-A7EA2D1D51A6}.Debug|Any CPU.ActiveCfg = Debug|Any CPU
		{DA29BCBD-2938-4A05-839D-A7EA2D1D51A6}.Debug|Any CPU.Build.0 = Debug|Any CPU
		{DA29BCBD-2938-4A05-839D-A7EA2D1D51A6}.Release|Any CPU.ActiveCfg = Release|Any CPU
		{DA29BCBD-2938-4A05-839D-A7EA2D1D51A6}.Release|Any CPU.Build.0 = Release|Any CPU
		{F999D351-72E1-4364-8814-92B70CCB3347}.Debug|Any CPU.ActiveCfg = Debug|Any CPU
		{F999D351-72E1-4364-8814-92B70CCB3347}.Debug|Any CPU.Build.0 = Debug|Any CPU
		{F999D351-72E1-4364-8814-92B70CCB3347}.Release|Any CPU.ActiveCfg = Release|Any CPU
		{F999D351-72E1-4364-8814-92B70CCB3347}.Release|Any CPU.Build.0 = Release|Any CPU
		{BDE683F3-5C1A-4733-B8E3-737CD3C5E287}.Debug|Any CPU.ActiveCfg = Debug|Any CPU
		{BDE683F3-5C1A-4733-B8E3-737CD3C5E287}.Debug|Any CPU.Build.0 = Debug|Any CPU
		{BDE683F3-5C1A-4733-B8E3-737CD3C5E287}.Release|Any CPU.ActiveCfg = Release|Any CPU
		{BDE683F3-5C1A-4733-B8E3-737CD3C5E287}.Release|Any CPU.Build.0 = Release|Any CPU
	EndGlobalSection
	GlobalSection(SolutionProperties) = preSolution
		HideSolutionNode = FALSE
	EndGlobalSection
	GlobalSection(ExtensibilityGlobals) = postSolution
		SolutionGuid = {300A1E2E-7329-4B2E-BCD6-71534BEF2DED}
	EndGlobalSection
EndGlobal
